
Microsoft Visual Studio Solution File, Format Version 12.00
# Visual Studio Version 17
VisualStudioVersion = 17.7.34031.279
MinimumVisualStudioVersion = 10.0.40219.1
Project("{FAE04EC0-301F-11D3-BF4B-00C04F79EFBC}") = "Zamilov_T_R_07_10_2023", "Zamilov_T_R_07_10_2023\Zamilov_T_R_07_10_2023.csproj", "{EEC59A56-3D07-41F3-8BCD-BFC48A85DD7D}"
EndProject
Global
	GlobalSection(SolutionConfigurationPlatforms) = preSolution
		Debug|Any CPU = Debug|Any CPU
		Release|Any CPU = Release|Any CPU
	EndGlobalSection
	GlobalSection(ProjectConfigurationPlatforms) = postSolution
		{EEC59A56-3D07-41F3-8BCD-BFC48A85DD7D}.Debug|Any CPU.ActiveCfg = Debug|Any CPU
		{EEC59A56-3D07-41F3-8BCD-BFC48A85DD7D}.Debug|Any CPU.Build.0 = Debug|Any CPU
		{EEC59A56-3D07-41F3-8BCD-BFC48A85DD7D}.Release|Any CPU.ActiveCfg = Release|Any CPU
		{EEC59A56-3D07-41F3-8BCD-BFC48A85DD7D}.Release|Any CPU.Build.0 = Release|Any CPU
	EndGlobalSection
	GlobalSection(SolutionProperties) = preSolution
		HideSolutionNode = FALSE
	EndGlobalSection
	GlobalSection(ExtensibilityGlobals) = postSolution
		SolutionGuid = {80DD5BAA-BA60-4C45-BF48-34A4CCF1AFBF}
	EndGlobalSection
EndGlobal
